// !$*UTF8*$!
{
	archiveVersion = 1;
	classes = {
	};
	objectVersion = 50;
	objects = {

/* Begin PBXBuildFile section */
		2F326FA2215635FC00F27F9F /* AppDelegate.m in Sources */ = {isa = PBXBuildFile; fileRef = 2F326FA1215635FC00F27F9F /* AppDelegate.m */; };
		2F326FA5215635FC00F27F9F /* ViewController.m in Sources */ = {isa = PBXBuildFile; fileRef = 2F326FA4215635FC00F27F9F /* ViewController.m */; };
		2F326FA8215635FC00F27F9F /* Main.storyboard in Resources */ = {isa = PBXBuildFile; fileRef = 2F326FA6215635FC00F27F9F /* Main.storyboard */; };
		2F326FAA2156360500F27F9F /* Assets.xcassets in Resources */ = {isa = PBXBuildFile; fileRef = 2F326FA92156360500F27F9F /* Assets.xcassets */; };
		2F326FAD2156360500F27F9F /* LaunchScreen.storyboard in Resources */ = {isa = PBXBuildFile; fileRef = 2F326FAB2156360500F27F9F /* LaunchScreen.storyboard */; };
		2F326FB02156360500F27F9F /* main.m in Sources */ = {isa = PBXBuildFile; fileRef = 2F326FAF2156360500F27F9F /* main.m */; };
		2F326FBA2156360500F27F9F /* ZJcijiTests.m in Sources */ = {isa = PBXBuildFile; fileRef = 2F326FB92156360500F27F9F /* ZJcijiTests.m */; };
		2F326FC52156360500F27F9F /* ZJcijiUITests.m in Sources */ = {isa = PBXBuildFile; fileRef = 2F326FC42156360500F27F9F /* ZJcijiUITests.m */; };
		2F326FD421563F1600F27F9F /* huahua.jpeg in Resources */ = {isa = PBXBuildFile; fileRef = 2F326FD321563F1600F27F9F /* huahua.jpeg */; };
		2F326FD621563F9800F27F9F /* mengji.jpeg in Resources */ = {isa = PBXBuildFile; fileRef = 2F326FD521563F9800F27F9F /* mengji.jpeg */; };
		2F326FD92156400000F27F9F /* ZJViewController.m in Sources */ = {isa = PBXBuildFile; fileRef = 2F326FD82156400000F27F9F /* ZJViewController.m */; };
		2F326FDC215646F800F27F9F /* DrawViewController.m in Sources */ = {isa = PBXBuildFile; fileRef = 2F326FDB215646F800F27F9F /* DrawViewController.m */; };
		2F326FDF2156470F00F27F9F /* DrawView.m in Sources */ = {isa = PBXBuildFile; fileRef = 2F326FDE2156470F00F27F9F /* DrawView.m */; };
		2F3CC96C2171B05B004F8F3C /* BusinessObject.m in Sources */ = {isa = PBXBuildFile; fileRef = 2F3CC96B2171B05B004F8F3C /* BusinessObject.m */; };
		2F3CC96F2171B6FD004F8F3C /* BaseObjectA.m in Sources */ = {isa = PBXBuildFile; fileRef = 2F3CC96E2171B6FD004F8F3C /* BaseObjectA.m */; };
		2F3CC9722171B716004F8F3C /* BaseObjectB.m in Sources */ = {isa = PBXBuildFile; fileRef = 2F3CC9712171B716004F8F3C /* BaseObjectB.m */; };
		2F3CC9752171B7E0004F8F3C /* ObjectB1.m in Sources */ = {isa = PBXBuildFile; fileRef = 2F3CC9742171B7E0004F8F3C /* ObjectB1.m */; };
		2F3CC9782171B81A004F8F3C /* ObjectA1.m in Sources */ = {isa = PBXBuildFile; fileRef = 2F3CC9772171B81A004F8F3C /* ObjectA1.m */; };
		2F3CC97B2171D3C0004F8F3C /* Command.m in Sources */ = {isa = PBXBuildFile; fileRef = 2F3CC97A2171D3C0004F8F3C /* Command.m */; };
		2F3CC97E2171D514004F8F3C /* CommandsManager.m in Sources */ = {isa = PBXBuildFile; fileRef = 2F3CC97D2171D514004F8F3C /* CommandsManager.m */; };
		2F40FF2C215C970A009E22FB /* NSTimer+ZJTimer.m in Sources */ = {isa = PBXBuildFile; fileRef = 2F40FF2B215C970A009E22FB /* NSTimer+ZJTimer.m */; };
		2FB27ACB215729F300673207 /* ZJline.m in Sources */ = {isa = PBXBuildFile; fileRef = 2FB27ACA215729F300673207 /* ZJline.m */; };
/* End PBXBuildFile section */

/* Begin PBXContainerItemProxy section */
		2F326FB62156360500F27F9F /* PBXContainerItemProxy */ = {
			isa = PBXContainerItemProxy;
			containerPortal = 2F326F95215635FC00F27F9F /* Project object */;
			proxyType = 1;
			remoteGlobalIDString = 2F326F9C215635FC00F27F9F;
			remoteInfo = ZJciji;
		};
		2F326FC12156360500F27F9F /* PBXContainerItemProxy */ = {
			isa = PBXContainerItemProxy;
			containerPortal = 2F326F95215635FC00F27F9F /* Project object */;
			proxyType = 1;
			remoteGlobalIDString = 2F326F9C215635FC00F27F9F;
			remoteInfo = ZJciji;
		};
/* End PBXContainerItemProxy section */

/* Begin PBXFileReference section */
		2F326F9D215635FC00F27F9F /* ZJciji.app */ = {isa = PBXFileReference; explicitFileType = wrapper.application; includeInIndex = 0; path = ZJciji.app; sourceTree = BUILT_PRODUCTS_DIR; };
		2F326FA0215635FC00F27F9F /* AppDelegate.h */ = {isa = PBXFileReference; lastKnownFileType = sourcecode.c.h; path = AppDelegate.h; sourceTree = "<group>"; };
		2F326FA1215635FC00F27F9F /* AppDelegate.m */ = {isa = PBXFileReference; lastKnownFileType = sourcecode.c.objc; path = AppDelegate.m; sourceTree = "<group>"; };
		2F326FA3215635FC00F27F9F /* ViewController.h */ = {isa = PBXFileReference; lastKnownFileType = sourcecode.c.h; path = ViewController.h; sourceTree = "<group>"; };
		2F326FA4215635FC00F27F9F /* ViewController.m */ = {isa = PBXFileReference; lastKnownFileType = sourcecode.c.objc; path = ViewController.m; sourceTree = "<group>"; };
		2F326FA7215635FC00F27F9F /* Base */ = {isa = PBXFileReference; lastKnownFileType = file.storyboard; name = Base; path = Base.lproj/Main.storyboard; sourceTree = "<group>"; };
		2F326FA92156360500F27F9F /* Assets.xcassets */ = {isa = PBXFileReference; lastKnownFileType = folder.assetcatalog; path = Assets.xcassets; sourceTree = "<group>"; };
		2F326FAC2156360500F27F9F /* Base */ = {isa = PBXFileReference; lastKnownFileType = file.storyboard; name = Base; path = Base.lproj/LaunchScreen.storyboard; sourceTree = "<group>"; };
		2F326FAE2156360500F27F9F /* Info.plist */ = {isa = PBXFileReference; lastKnownFileType = text.plist.xml; path = Info.plist; sourceTree = "<group>"; };
		2F326FAF2156360500F27F9F /* main.m */ = {isa = PBXFileReference; lastKnownFileType = sourcecode.c.objc; path = main.m; sourceTree = "<group>"; };
		2F326FB52156360500F27F9F /* ZJcijiTests.xctest */ = {isa = PBXFileReference; explicitFileType = wrapper.cfbundle; includeInIndex = 0; path = ZJcijiTests.xctest; sourceTree = BUILT_PRODUCTS_DIR; };
		2F326FB92156360500F27F9F /* ZJcijiTests.m */ = {isa = PBXFileReference; lastKnownFileType = sourcecode.c.objc; path = ZJcijiTests.m; sourceTree = "<group>"; };
		2F326FBB2156360500F27F9F /* Info.plist */ = {isa = PBXFileReference; lastKnownFileType = text.plist.xml; path = Info.plist; sourceTree = "<group>"; };
		2F326FC02156360500F27F9F /* ZJcijiUITests.xctest */ = {isa = PBXFileReference; explicitFileType = wrapper.cfbundle; includeInIndex = 0; path = ZJcijiUITests.xctest; sourceTree = BUILT_PRODUCTS_DIR; };
		2F326FC42156360500F27F9F /* ZJcijiUITests.m */ = {isa = PBXFileReference; lastKnownFileType = sourcecode.c.objc; path = ZJcijiUITests.m; sourceTree = "<group>"; };
		2F326FC62156360500F27F9F /* Info.plist */ = {isa = PBXFileReference; lastKnownFileType = text.plist.xml; path = Info.plist; sourceTree = "<group>"; };
		2F326FD321563F1600F27F9F /* huahua.jpeg */ = {isa = PBXFileReference; lastKnownFileType = image.jpeg; name = huahua.jpeg; path = ../../../Downloads/huahua.jpeg; sourceTree = "<group>"; };
		2F326FD521563F9800F27F9F /* mengji.jpeg */ = {isa = PBXFileReference; lastKnownFileType = image.jpeg; path = mengji.jpeg; sourceTree = "<group>"; };
		2F326FD72156400000F27F9F /* ZJViewController.h */ = {isa = PBXFileReference; lastKnownFileType = sourcecode.c.h; path = ZJViewController.h; sourceTree = "<group>"; };
		2F326FD82156400000F27F9F /* ZJViewController.m */ = {isa = PBXFileReference; lastKnownFileType = sourcecode.c.objc; path = ZJViewController.m; sourceTree = "<group>"; };
		2F326FDA215646F800F27F9F /* DrawViewController.h */ = {isa = PBXFileReference; lastKnownFileType = sourcecode.c.h; path = DrawViewController.h; sourceTree = "<group>"; };
		2F326FDB215646F800F27F9F /* DrawViewController.m */ = {isa = PBXFileReference; lastKnownFileType = sourcecode.c.objc; path = DrawViewController.m; sourceTree = "<group>"; };
		2F326FDD2156470F00F27F9F /* DrawView.h */ = {isa = PBXFileReference; lastKnownFileType = sourcecode.c.h; path = DrawView.h; sourceTree = "<group>"; };
		2F326FDE2156470F00F27F9F /* DrawView.m */ = {isa = PBXFileReference; lastKnownFileType = sourcecode.c.objc; path = DrawView.m; sourceTree = "<group>"; };
		2F3CC96A2171B05B004F8F3C /* BusinessObject.h */ = {isa = PBXFileReference; lastKnownFileType = sourcecode.c.h; path = BusinessObject.h; sourceTree = "<group>"; };
		2F3CC96B2171B05B004F8F3C /* BusinessObject.m */ = {isa = PBXFileReference; lastKnownFileType = sourcecode.c.objc; path = BusinessObject.m; sourceTree = "<group>"; };
		2F3CC96D2171B6FD004F8F3C /* BaseObjectA.h */ = {isa = PBXFileReference; lastKnownFileType = sourcecode.c.h; path = BaseObjectA.h; sourceTree = "<group>"; };
		2F3CC96E2171B6FD004F8F3C /* BaseObjectA.m */ = {isa = PBXFileReference; lastKnownFileType = sourcecode.c.objc; path = BaseObjectA.m; sourceTree = "<group>"; };
		2F3CC9702171B716004F8F3C /* BaseObjectB.h */ = {isa = PBXFileReference; lastKnownFileType = sourcecode.c.h; path = BaseObjectB.h; sourceTree = "<group>"; };
		2F3CC9712171B716004F8F3C /* BaseObjectB.m */ = {isa = PBXFileReference; lastKnownFileType = sourcecode.c.objc; path = BaseObjectB.m; sourceTree = "<group>"; };
		2F3CC9732171B7E0004F8F3C /* ObjectB1.h */ = {isa = PBXFileReference; lastKnownFileType = sourcecode.c.h; path = ObjectB1.h; sourceTree = "<group>"; };
		2F3CC9742171B7E0004F8F3C /* ObjectB1.m */ = {isa = PBXFileReference; lastKnownFileType = sourcecode.c.objc; path = ObjectB1.m; sourceTree = "<group>"; };
		2F3CC9762171B81A004F8F3C /* ObjectA1.h */ = {isa = PBXFileReference; lastKnownFileType = sourcecode.c.h; path = ObjectA1.h; sourceTree = "<group>"; };
		2F3CC9772171B81A004F8F3C /* ObjectA1.m */ = {isa = PBXFileReference; lastKnownFileType = sourcecode.c.objc; path = ObjectA1.m; sourceTree = "<group>"; };
		2F3CC9792171D3C0004F8F3C /* Command.h */ = {isa = PBXFileReference; lastKnownFileType = sourcecode.c.h; path = Command.h; sourceTree = "<group>"; };
		2F3CC97A2171D3C0004F8F3C /* Command.m */ = {isa = PBXFileReference; lastKnownFileType = sourcecode.c.objc; path = Command.m; sourceTree = "<group>"; };
		2F3CC97C2171D514004F8F3C /* CommandsManager.h */ = {isa = PBXFileReference; lastKnownFileType = sourcecode.c.h; path = CommandsManager.h; sourceTree = "<group>"; };
		2F3CC97D2171D514004F8F3C /* CommandsManager.m */ = {isa = PBXFileReference; lastKnownFileType = sourcecode.c.objc; path = CommandsManager.m; sourceTree = "<group>"; };
		2F40FF2A215C970A009E22FB /* NSTimer+ZJTimer.h */ = {isa = PBXFileReference; lastKnownFileType = sourcecode.c.h; path = "NSTimer+ZJTimer.h"; sourceTree = "<group>"; };
		2F40FF2B215C970A009E22FB /* NSTimer+ZJTimer.m */ = {isa = PBXFileReference; lastKnownFileType = sourcecode.c.objc; path = "NSTimer+ZJTimer.m"; sourceTree = "<group>"; };
		2FB27AC9215729F300673207 /* ZJline.h */ = {isa = PBXFileReference; lastKnownFileType = sourcecode.c.h; path = ZJline.h; sourceTree = "<group>"; };
		2FB27ACA215729F300673207 /* ZJline.m */ = {isa = PBXFileReference; lastKnownFileType = sourcecode.c.objc; path = ZJline.m; sourceTree = "<group>"; };
/* End PBXFileReference section */

/* Begin PBXFrameworksBuildPhase section */
		2F326F9A215635FC00F27F9F /* Frameworks */ = {
			isa = PBXFrameworksBuildPhase;
			buildActionMask = 2147483647;
			files = (
			);
			runOnlyForDeploymentPostprocessing = 0;
		};
		2F326FB22156360500F27F9F /* Frameworks */ = {
			isa = PBXFrameworksBuildPhase;
			buildActionMask = 2147483647;
			files = (
			);
			runOnlyForDeploymentPostprocessing = 0;
		};
		2F326FBD2156360500F27F9F /* Frameworks */ = {
			isa = PBXFrameworksBuildPhase;
			buildActionMask = 2147483647;
			files = (
			);
			runOnlyForDeploymentPostprocessing = 0;
		};
/* End PBXFrameworksBuildPhase section */

/* Begin PBXGroup section */
		2F326F94215635FC00F27F9F = {
			isa = PBXGroup;
			children = (
				2F326F9F215635FC00F27F9F /* ZJciji */,
				2F326FB82156360500F27F9F /* ZJcijiTests */,
				2F326FC32156360500F27F9F /* ZJcijiUITests */,
				2F326F9E215635FC00F27F9F /* Products */,
			);
			sourceTree = "<group>";
		};
		2F326F9E215635FC00F27F9F /* Products */ = {
			isa = PBXGroup;
			children = (
				2F326F9D215635FC00F27F9F /* ZJciji.app */,
				2F326FB52156360500F27F9F /* ZJcijiTests.xctest */,
				2F326FC02156360500F27F9F /* ZJcijiUITests.xctest */,
			);
			name = Products;
			sourceTree = "<group>";
		};
		2F326F9F215635FC00F27F9F /* ZJciji */ = {
			isa = PBXGroup;
			children = (
				2F326FA0215635FC00F27F9F /* AppDelegate.h */,
				2F326FA1215635FC00F27F9F /* AppDelegate.m */,
				2F326FA3215635FC00F27F9F /* ViewController.h */,
				2F326FA4215635FC00F27F9F /* ViewController.m */,
				2F40FF2A215C970A009E22FB /* NSTimer+ZJTimer.h */,
				2F40FF2B215C970A009E22FB /* NSTimer+ZJTimer.m */,
				2F326FDA215646F800F27F9F /* DrawViewController.h */,
				2F326FDB215646F800F27F9F /* DrawViewController.m */,
				2F326FDD2156470F00F27F9F /* DrawView.h */,
				2F326FDE2156470F00F27F9F /* DrawView.m */,
				2FB27AC9215729F300673207 /* ZJline.h */,
				2FB27ACA215729F300673207 /* ZJline.m */,
				2F3CC96A2171B05B004F8F3C /* BusinessObject.h */,
				2F3CC96D2171B6FD004F8F3C /* BaseObjectA.h */,
				2F3CC96E2171B6FD004F8F3C /* BaseObjectA.m */,
				2F3CC9702171B716004F8F3C /* BaseObjectB.h */,
				2F3CC9712171B716004F8F3C /* BaseObjectB.m */,
				2F3CC9732171B7E0004F8F3C /* ObjectB1.h */,
				2F3CC9762171B81A004F8F3C /* ObjectA1.h */,
				2F3CC9772171B81A004F8F3C /* ObjectA1.m */,
				2F3CC9792171D3C0004F8F3C /* Command.h */,
				2F3CC97A2171D3C0004F8F3C /* Command.m */,
				2F3CC97C2171D514004F8F3C /* CommandsManager.h */,
				2F3CC97D2171D514004F8F3C /* CommandsManager.m */,
				2F3CC9742171B7E0004F8F3C /* ObjectB1.m */,
				2F3CC96B2171B05B004F8F3C /* BusinessObject.m */,
				2F326FD72156400000F27F9F /* ZJViewController.h */,
				2F326FD82156400000F27F9F /* ZJViewController.m */,
				2F326FA6215635FC00F27F9F /* Main.storyboard */,
				2F326FA92156360500F27F9F /* Assets.xcassets */,
				2F326FAB2156360500F27F9F /* LaunchScreen.storyboard */,
				2F326FAE2156360500F27F9F /* Info.plist */,
				2F326FAF2156360500F27F9F /* main.m */,
				2F326FD521563F9800F27F9F /* mengji.jpeg */,
				2F326FD321563F1600F27F9F /* huahua.jpeg */,
			);
			path = ZJciji;
			sourceTree = "<group>";
		};
		2F326FB82156360500F27F9F /* ZJcijiTests */ = {
			isa = PBXGroup;
			children = (
				2F326FB92156360500F27F9F /* ZJcijiTests.m */,
				2F326FBB2156360500F27F9F /* Info.plist */,
			);
			path = ZJcijiTests;
			sourceTree = "<group>";
		};
		2F326FC32156360500F27F9F /* ZJcijiUITests */ = {
			isa = PBXGroup;
			children = (
				2F326FC42156360500F27F9F /* ZJcijiUITests.m */,
				2F326FC62156360500F27F9F /* Info.plist */,
			);
			path = ZJcijiUITests;
			sourceTree = "<group>";
		};
/* End PBXGroup section */

/* Begin PBXNativeTarget section */
		2F326F9C215635FC00F27F9F /* ZJciji */ = {
			isa = PBXNativeTarget;
			buildConfigurationList = 2F326FC92156360500F27F9F /* Build configuration list for PBXNativeTarget "ZJciji" */;
			buildPhases = (
				2F326F99215635FC00F27F9F /* Sources */,
				2F326F9A215635FC00F27F9F /* Frameworks */,
				2F326F9B215635FC00F27F9F /* Resources */,
			);
			buildRules = (
			);
			dependencies = (
			);
			name = ZJciji;
			productName = ZJciji;
			productReference = 2F326F9D215635FC00F27F9F /* ZJciji.app */;
			productType = "com.apple.product-type.application";
		};
		2F326FB42156360500F27F9F /* ZJcijiTests */ = {
			isa = PBXNativeTarget;
			buildConfigurationList = 2F326FCC2156360500F27F9F /* Build configuration list for PBXNativeTarget "ZJcijiTests" */;
			buildPhases = (
				2F326FB12156360500F27F9F /* Sources */,
				2F326FB22156360500F27F9F /* Frameworks */,
				2F326FB32156360500F27F9F /* Resources */,
			);
			buildRules = (
			);
			dependencies = (
				2F326FB72156360500F27F9F /* PBXTargetDependency */,
			);
			name = ZJcijiTests;
			productName = ZJcijiTests;
			productReference = 2F326FB52156360500F27F9F /* ZJcijiTests.xctest */;
			productType = "com.apple.product-type.bundle.unit-test";
		};
		2F326FBF2156360500F27F9F /* ZJcijiUITests */ = {
			isa = PBXNativeTarget;
			buildConfigurationList = 2F326FCF2156360500F27F9F /* Build configuration list for PBXNativeTarget "ZJcijiUITests" */;
			buildPhases = (
				2F326FBC2156360500F27F9F /* Sources */,
				2F326FBD2156360500F27F9F /* Frameworks */,
				2F326FBE2156360500F27F9F /* Resources */,
			);
			buildRules = (
			);
			dependencies = (
				2F326FC22156360500F27F9F /* PBXTargetDependency */,
			);
			name = ZJcijiUITests;
			productName = ZJcijiUITests;
			productReference = 2F326FC02156360500F27F9F /* ZJcijiUITests.xctest */;
			productType = "com.apple.product-type.bundle.ui-testing";
		};
/* End PBXNativeTarget section */

/* Begin PBXProject section */
		2F326F95215635FC00F27F9F /* Project object */ = {
			isa = PBXProject;
			attributes = {
				LastUpgradeCheck = 0940;
				ORGANIZATIONNAME = "张洁";
				TargetAttributes = {
					2F326F9C215635FC00F27F9F = {
						CreatedOnToolsVersion = 9.4.1;
					};
					2F326FB42156360500F27F9F = {
						CreatedOnToolsVersion = 9.4.1;
						TestTargetID = 2F326F9C215635FC00F27F9F;
					};
					2F326FBF2156360500F27F9F = {
						CreatedOnToolsVersion = 9.4.1;
						TestTargetID = 2F326F9C215635FC00F27F9F;
					};
				};
			};
			buildConfigurationList = 2F326F98215635FC00F27F9F /* Build configuration list for PBXProject "ZJciji" */;
			compatibilityVersion = "Xcode 9.3";
			developmentRegion = en;
			hasScannedForEncodings = 0;
			knownRegions = (
				en,
				Base,
			);
			mainGroup = 2F326F94215635FC00F27F9F;
			productRefGroup = 2F326F9E215635FC00F27F9F /* Products */;
			projectDirPath = "";
			projectRoot = "";
			targets = (
				2F326F9C215635FC00F27F9F /* ZJciji */,
				2F326FB42156360500F27F9F /* ZJcijiTests */,
				2F326FBF2156360500F27F9F /* ZJcijiUITests */,
			);
		};
/* End PBXProject section */

/* Begin PBXResourcesBuildPhase section */
		2F326F9B215635FC00F27F9F /* Resources */ = {
			isa = PBXResourcesBuildPhase;
			buildActionMask = 2147483647;
			files = (
				2F326FAD2156360500F27F9F /* LaunchScreen.storyboard in Resources */,
				2F326FAA2156360500F27F9F /* Assets.xcassets in Resources */,
				2F326FD621563F9800F27F9F /* mengji.jpeg in Resources */,
				2F326FA8215635FC00F27F9F /* Main.storyboard in Resources */,
				2F326FD421563F1600F27F9F /* huahua.jpeg in Resources */,
			);
			runOnlyForDeploymentPostprocessing = 0;
		};
		2F326FB32156360500F27F9F /* Resources */ = {
			isa = PBXResourcesBuildPhase;
			buildActionMask = 2147483647;
			files = (
			);
			runOnlyForDeploymentPostprocessing = 0;
		};
		2F326FBE2156360500F27F9F /* Resources */ = {
			isa = PBXResourcesBuildPhase;
			buildActionMask = 2147483647;
			files = (
			);
			runOnlyForDeploymentPostprocessing = 0;
		};
/* End PBXResourcesBuildPhase section */

/* Begin PBXSourcesBuildPhase section */
		2F326F99215635FC00F27F9F /* Sources */ = {
			isa = PBXSourcesBuildPhase;
			buildActionMask = 2147483647;
			files = (
				2F3CC96C2171B05B004F8F3C /* BusinessObject.m in Sources */,
				2FB27ACB215729F300673207 /* ZJline.m in Sources */,
				2F326FD92156400000F27F9F /* ZJViewController.m in Sources */,
				2F3CC97B2171D3C0004F8F3C /* Command.m in Sources */,
				2F3CC9752171B7E0004F8F3C /* ObjectB1.m in Sources */,
				2F326FDC215646F800F27F9F /* DrawViewController.m in Sources */,
				2F3CC9722171B716004F8F3C /* BaseObjectB.m in Sources */,
				2F3CC9782171B81A004F8F3C /* ObjectA1.m in Sources */,
				2F326FDF2156470F00F27F9F /* DrawView.m in Sources */,
				2F3CC97E2171D514004F8F3C /* CommandsManager.m in Sources */,
				2F326FA5215635FC00F27F9F /* ViewController.m in Sources */,
				2F326FB02156360500F27F9F /* main.m in Sources */,
				2F3CC96F2171B6FD004F8F3C /* BaseObjectA.m in Sources */,
				2F40FF2C215C970A009E22FB /* NSTimer+ZJTimer.m in Sources */,
				2F326FA2215635FC00F27F9F /* AppDelegate.m in Sources */,
			);
			runOnlyForDeploymentPostprocessing = 0;
		};
		2F326FB12156360500F27F9F /* Sources */ = {
			isa = PBXSourcesBuildPhase;
			buildActionMask = 2147483647;
			files = (
				2F326FBA2156360500F27F9F /* ZJcijiTests.m in Sources */,
			);
			runOnlyForDeploymentPostprocessing = 0;
		};
		2F326FBC2156360500F27F9F /* Sources */ = {
			isa = PBXSourcesBuildPhase;
			buildActionMask = 2147483647;
			files = (
				2F326FC52156360500F27F9F /* ZJcijiUITests.m in Sources */,
			);
			runOnlyForDeploymentPostprocessing = 0;
		};
/* End PBXSourcesBuildPhase section */

/* Begin PBXTargetDependency section */
		2F326FB72156360500F27F9F /* PBXTargetDependency */ = {
			isa = PBXTargetDependency;
			target = 2F326F9C215635FC00F27F9F /* ZJciji */;
			targetProxy = 2F326FB62156360500F27F9F /* PBXContainerItemProxy */;
		};
		2F326FC22156360500F27F9F /* PBXTargetDependency */ = {
			isa = PBXTargetDependency;
			target = 2F326F9C215635FC00F27F9F /* ZJciji */;
			targetProxy = 2F326FC12156360500F27F9F /* PBXContainerItemProxy */;
		};
/* End PBXTargetDependency section */

/* Begin PBXVariantGroup section */
		2F326FA6215635FC00F27F9F /* Main.storyboard */ = {
			isa = PBXVariantGroup;
			children = (
				2F326FA7215635FC00F27F9F /* Base */,
			);
			name = Main.storyboard;
			sourceTree = "<group>";
		};
		2F326FAB2156360500F27F9F /* LaunchScreen.storyboard */ = {
			isa = PBXVariantGroup;
			children = (
				2F326FAC2156360500F27F9F /* Base */,
			);
			name = LaunchScreen.storyboard;
			sourceTree = "<group>";
		};
/* End PBXVariantGroup section */

/* Begin XCBuildConfiguration section */
		2F326FC72156360500F27F9F /* Debug */ = {
			isa = XCBuildConfiguration;
			buildSettings = {
				ALWAYS_SEARCH_USER_PATHS = NO;
				CLANG_ANALYZER_NONNULL = YES;
				CLANG_ANALYZER_NUMBER_OBJECT_CONVERSION = YES_AGGRESSIVE;
				CLANG_CXX_LANGUAGE_STANDARD = "gnu++14";
				CLANG_CXX_LIBRARY = "libc++";
				CLANG_ENABLE_MODULES = YES;
				CLANG_ENABLE_OBJC_ARC = YES;
				CLANG_ENABLE_OBJC_WEAK = YES;
				CLANG_WARN_BLOCK_CAPTURE_AUTORELEASING = YES;
				CLANG_WARN_BOOL_CONVERSION = YES;
				CLANG_WARN_COMMA = YES;
				CLANG_WARN_CONSTANT_CONVERSION = YES;
				CLANG_WARN_DEPRECATED_OBJC_IMPLEMENTATIONS = YES;
				CLANG_WARN_DIRECT_OBJC_ISA_USAGE = YES_ERROR;
				CLANG_WARN_DOCUMENTATION_COMMENTS = YES;
				CLANG_WARN_EMPTY_BODY = YES;
				CLANG_WARN_ENUM_CONVERSION = YES;
				CLANG_WARN_INFINITE_RECURSION = YES;
				CLANG_WARN_INT_CONVERSION = YES;
				CLANG_WARN_NON_LITERAL_NULL_CONVERSION = YES;
				CLANG_WARN_OBJC_IMPLICIT_RETAIN_SELF = YES;
				CLANG_WARN_OBJC_LITERAL_CONVERSION = YES;
				CLANG_WARN_OBJC_ROOT_CLASS = YES_ERROR;
				CLANG_WARN_RANGE_LOOP_ANALYSIS = YES;
				CLANG_WARN_STRICT_PROTOTYPES = YES;
				CLANG_WARN_SUSPICIOUS_MOVE = YES;
				CLANG_WARN_UNGUARDED_AVAILABILITY = YES_AGGRESSIVE;
				CLANG_WARN_UNREACHABLE_CODE = YES;
				CLANG_WARN__DUPLICATE_METHOD_MATCH = YES;
				CODE_SIGN_IDENTITY = "iPhone Developer";
				COPY_PHASE_STRIP = NO;
				DEBUG_INFORMATION_FORMAT = dwarf;
				ENABLE_STRICT_OBJC_MSGSEND = YES;
				ENABLE_TESTABILITY = YES;
				GCC_C_LANGUAGE_STANDARD = gnu11;
				GCC_DYNAMIC_NO_PIC = NO;
				GCC_NO_COMMON_BLOCKS = YES;
				GCC_OPTIMIZATION_LEVEL = 0;
				GCC_PREPROCESSOR_DEFINITIONS = (
					"DEBUG=1",
					"$(inherited)",
				);
				GCC_WARN_64_TO_32_BIT_CONVERSION = YES;
				GCC_WARN_ABOUT_RETURN_TYPE = YES_ERROR;
				GCC_WARN_UNDECLARED_SELECTOR = YES;
				GCC_WARN_UNINITIALIZED_AUTOS = YES_AGGRESSIVE;
				GCC_WARN_UNUSED_FUNCTION = YES;
				GCC_WARN_UNUSED_VARIABLE = YES;
				IPHONEOS_DEPLOYMENT_TARGET = 11.4;
				MTL_ENABLE_DEBUG_INFO = YES;
				ONLY_ACTIVE_ARCH = YES;
				SDKROOT = iphoneos;
			};
			name = Debug;
		};
		2F326FC82156360500F27F9F /* Release */ = {
			isa = XCBuildConfiguration;
			buildSettings = {
				ALWAYS_SEARCH_USER_PATHS = NO;
				CLANG_ANALYZER_NONNULL = YES;
				CLANG_ANALYZER_NUMBER_OBJECT_CONVERSION = YES_AGGRESSIVE;
				CLANG_CXX_LANGUAGE_STANDARD = "gnu++14";
				CLANG_CXX_LIBRARY = "libc++";
				CLANG_ENABLE_MODULES = YES;
				CLANG_ENABLE_OBJC_ARC = YES;
				CLANG_ENABLE_OBJC_WEAK = YES;
				CLANG_WARN_BLOCK_CAPTURE_AUTORELEASING = YES;
				CLANG_WARN_BOOL_CONVERSION = YES;
				CLANG_WARN_COMMA = YES;
				CLANG_WARN_CONSTANT_CONVERSION = YES;
				CLANG_WARN_DEPRECATED_OBJC_IMPLEMENTATIONS = YES;
				CLANG_WARN_DIRECT_OBJC_ISA_USAGE = YES_ERROR;
				CLANG_WARN_DOCUMENTATION_COMMENTS = YES;
				CLANG_WARN_EMPTY_BODY = YES;
				CLANG_WARN_ENUM_CONVERSION = YES;
				CLANG_WARN_INFINITE_RECURSION = YES;
				CLANG_WARN_INT_CONVERSION = YES;
				CLANG_WARN_NON_LITERAL_NULL_CONVERSION = YES;
				CLANG_WARN_OBJC_IMPLICIT_RETAIN_SELF = YES;
				CLANG_WARN_OBJC_LITERAL_CONVERSION = YES;
				CLANG_WARN_OBJC_ROOT_CLASS = YES_ERROR;
				CLANG_WARN_RANGE_LOOP_ANALYSIS = YES;
				CLANG_WARN_STRICT_PROTOTYPES = YES;
				CLANG_WARN_SUSPICIOUS_MOVE = YES;
				CLANG_WARN_UNGUARDED_AVAILABILITY = YES_AGGRESSIVE;
				CLANG_WARN_UNREACHABLE_CODE = YES;
				CLANG_WARN__DUPLICATE_METHOD_MATCH = YES;
				CODE_SIGN_IDENTITY = "iPhone Developer";
				COPY_PHASE_STRIP = NO;
				DEBUG_INFORMATION_FORMAT = "dwarf-with-dsym";
				ENABLE_NS_ASSERTIONS = NO;
				ENABLE_STRICT_OBJC_MSGSEND = YES;
				GCC_C_LANGUAGE_STANDARD = gnu11;
				GCC_NO_COMMON_BLOCKS = YES;
				GCC_WARN_64_TO_32_BIT_CONVERSION = YES;
				GCC_WARN_ABOUT_RETURN_TYPE = YES_ERROR;
				GCC_WARN_UNDECLARED_SELECTOR = YES;
				GCC_WARN_UNINITIALIZED_AUTOS = YES_AGGRESSIVE;
				GCC_WARN_UNUSED_FUNCTION = YES;
				GCC_WARN_UNUSED_VARIABLE = YES;
				IPHONEOS_DEPLOYMENT_TARGET = 11.4;
				MTL_ENABLE_DEBUG_INFO = NO;
				SDKROOT = iphoneos;
				VALIDATE_PRODUCT = YES;
			};
			name = Release;
		};
		2F326FCA2156360500F27F9F /* Debug */ = {
			isa = XCBuildConfiguration;
			buildSettings = {
				ASSETCATALOG_COMPILER_APPICON_NAME = AppIcon;
				CODE_SIGN_STYLE = Automatic;
				DEVELOPMENT_TEAM = 8AYPA5T7XE;
				INFOPLIST_FILE = ZJciji/Info.plist;
				LD_RUNPATH_SEARCH_PATHS = (
					"$(inherited)",
					"@executable_path/Frameworks",
				);
				PRODUCT_BUNDLE_IDENTIFIER = com.zhangjie.ZJciji;
				PRODUCT_NAME = "$(TARGET_NAME)";
				TARGETED_DEVICE_FAMILY = "1,2";
			};
			name = Debug;
		};
		2F326FCB2156360500F27F9F /* Release */ = {
			isa = XCBuildConfiguration;
			buildSettings = {
				ASSETCATALOG_COMPILER_APPICON_NAME = AppIcon;
				CODE_SIGN_STYLE = Automatic;
				DEVELOPMENT_TEAM = 8AYPA5T7XE;
				INFOPLIST_FILE = ZJciji/Info.plist;
				LD_RUNPATH_SEARCH_PATHS = (
					"$(inherited)",
					"@executable_path/Frameworks",
				);
				PRODUCT_BUNDLE_IDENTIFIER = com.zhangjie.ZJciji;
				PRODUCT_NAME = "$(TARGET_NAME)";
				TARGETED_DEVICE_FAMILY = "1,2";
			};
			name = Release;
		};
		2F326FCD2156360500F27F9F /* Debug */ = {
			isa = XCBuildConfiguration;
			buildSettings = {
				BUNDLE_LOADER = "$(TEST_HOST)";
				CODE_SIGN_STYLE = Automatic;
				INFOPLIST_FILE = ZJcijiTests/Info.plist;
				LD_RUNPATH_SEARCH_PATHS = (
					"$(inherited)",
					"@executable_path/Frameworks",
					"@loader_path/Frameworks",
				);
				PRODUCT_BUNDLE_IDENTIFIER = com.zhangjie.ZJcijiTests;
				PRODUCT_NAME = "$(TARGET_NAME)";
				TARGETED_DEVICE_FAMILY = "1,2";
				TEST_HOST = "$(BUILT_PRODUCTS_DIR)/ZJciji.app/ZJciji";
			};
			name = Debug;
		};
		2F326FCE2156360500F27F9F /* Release */ = {
			isa = XCBuildConfiguration;
			buildSettings = {
				BUNDLE_LOADER = "$(TEST_HOST)";
				CODE_SIGN_STYLE = Automatic;
				INFOPLIST_FILE = ZJcijiTests/Info.plist;
				LD_RUNPATH_SEARCH_PATHS = (
					"$(inherited)",
					"@executable_path/Frameworks",
					"@loader_path/Frameworks",
				);
				PRODUCT_BUNDLE_IDENTIFIER = com.zhangjie.ZJcijiTests;
				PRODUCT_NAME = "$(TARGET_NAME)";
				TARGETED_DEVICE_FAMILY = "1,2";
				TEST_HOST = "$(BUILT_PRODUCTS_DIR)/ZJciji.app/ZJciji";
			};
			name = Release;
		};
		2F326FD02156360500F27F9F /* Debug */ = {
			isa = XCBuildConfiguration;
			buildSettings = {
				CODE_SIGN_STYLE = Automatic;
				INFOPLIST_FILE = ZJcijiUITests/Info.plist;
				LD_RUNPATH_SEARCH_PATHS = (
					"$(inherited)",
					"@executable_path/Frameworks",
					"@loader_path/Frameworks",
				);
				PRODUCT_BUNDLE_IDENTIFIER = com.zhangjie.ZJcijiUITests;
				PRODUCT_NAME = "$(TARGET_NAME)";
				TARGETED_DEVICE_FAMILY = "1,2";
				TEST_TARGET_NAME = ZJciji;
			};
			name = Debug;
		};
		2F326FD12156360500F27F9F /* Release */ = {
			isa = XCBuildConfiguration;
			buildSettings = {
				CODE_SIGN_STYLE = Automatic;
				INFOPLIST_FILE = ZJcijiUITests/Info.plist;
				LD_RUNPATH_SEARCH_PATHS = (
					"$(inherited)",
					"@executable_path/Frameworks",
					"@loader_path/Frameworks",
				);
				PRODUCT_BUNDLE_IDENTIFIER = com.zhangjie.ZJcijiUITests;
				PRODUCT_NAME = "$(TARGET_NAME)";
				TARGETED_DEVICE_FAMILY = "1,2";
				TEST_TARGET_NAME = ZJciji;
			};
			name = Release;
		};
/* End XCBuildConfiguration section */

/* Begin XCConfigurationList section */
		2F326F98215635FC00F27F9F /* Build configuration list for PBXProject "ZJciji" */ = {
			isa = XCConfigurationList;
			buildConfigurations = (
				2F326FC72156360500F27F9F /* Debug */,
				2F326FC82156360500F27F9F /* Release */,
			);
			defaultConfigurationIsVisible = 0;
			defaultConfigurationName = Release;
		};
		2F326FC92156360500F27F9F /* Build configuration list for PBXNativeTarget "ZJciji" */ = {
			isa = XCConfigurationList;
			buildConfigurations = (
				2F326FCA2156360500F27F9F /* Debug */,
				2F326FCB2156360500F27F9F /* Release */,
			);
			defaultConfigurationIsVisible = 0;
			defaultConfigurationName = Release;
		};
		2F326FCC2156360500F27F9F /* Build configuration list for PBXNativeTarget "ZJcijiTests" */ = {
			isa = XCConfigurationList;
			buildConfigurations = (
				2F326FCD2156360500F27F9F /* Debug */,
				2F326FCE2156360500F27F9F /* Release */,
			);
			defaultConfigurationIsVisible = 0;
			defaultConfigurationName = Release;
		};
		2F326FCF2156360500F27F9F /* Build configuration list for PBXNativeTarget "ZJcijiUITests" */ = {
			isa = XCConfigurationList;
			buildConfigurations = (
				2F326FD02156360500F27F9F /* Debug */,
				2F326FD12156360500F27F9F /* Release */,
			);
			defaultConfigurationIsVisible = 0;
			defaultConfigurationName = Release;
		};
/* End XCConfigurationList section */
	};
	rootObject = 2F326F95215635FC00F27F9F /* Project object */;
}
